// !$*UTF8*$!
{
	archiveVersion = 1;
	classes = {
	};
	objectVersion = 46;
	objects = {

/* Begin PBXBuildFile section */
		4638E24B1B817BD10039EC94 /* main.m in Sources */ = {isa = PBXBuildFile; fileRef = 4638E24A1B817BD10039EC94 /* main.m */; };
		4638E24E1B817BD10039EC94 /* AppDelegate.m in Sources */ = {isa = PBXBuildFile; fileRef = 4638E24D1B817BD10039EC94 /* AppDelegate.m */; };
		4638E2511B817BD10039EC94 /* ViewController.m in Sources */ = {isa = PBXBuildFile; fileRef = 4638E2501B817BD10039EC94 /* ViewController.m */; };
		4638E2541B817BD10039EC94 /* Main.storyboard in Resources */ = {isa = PBXBuildFile; fileRef = 4638E2521B817BD10039EC94 /* Main.storyboard */; };
		4638E2561B817BD10039EC94 /* Images.xcassets in Resources */ = {isa = PBXBuildFile; fileRef = 4638E2551B817BD10039EC94 /* Images.xcassets */; };
		4638E2591B817BD10039EC94 /* LaunchScreen.xib in Resources */ = {isa = PBXBuildFile; fileRef = 4638E2571B817BD10039EC94 /* LaunchScreen.xib */; };
		4638E2651B817BD10039EC94 /* AnimationShowTests.m in Sources */ = {isa = PBXBuildFile; fileRef = 4638E2641B817BD10039EC94 /* AnimationShowTests.m */; };
/* End PBXBuildFile section */

/* Begin PBXContainerItemProxy section */
		4638E25F1B817BD10039EC94 /* PBXContainerItemProxy */ = {
			isa = PBXContainerItemProxy;
			containerPortal = 4638E23D1B817BD10039EC94 /* Project object */;
			proxyType = 1;
			remoteGlobalIDString = 4638E2441B817BD10039EC94;
			remoteInfo = AnimationShow;
		};
/* End PBXContainerItemProxy section */

/* Begin PBXFileReference section */
		4638E2451B817BD10039EC94 /* AnimationShow.app */ = {isa = PBXFileReference; explicitFileType = wrapper.application; includeInIndex = 0; path = AnimationShow.app; sourceTree = BUILT_PRODUCTS_DIR; };
		4638E2491B817BD10039EC94 /* Info.plist */ = {isa = PBXFileReference; lastKnownFileType = text.plist.xml; path = Info.plist; sourceTree = "<group>"; };
		4638E24A1B817BD10039EC94 /* main.m */ = {isa = PBXFileReference; lastKnownFileType = sourcecode.c.objc; path = main.m; sourceTree = "<group>"; };
		4638E24C1B817BD10039EC94 /* AppDelegate.h */ = {isa = PBXFileReference; lastKnownFileType = sourcecode.c.h; path = AppDelegate.h; sourceTree = "<group>"; };
		4638E24D1B817BD10039EC94 /* AppDelegate.m */ = {isa = PBXFileReference; lastKnownFileType = sourcecode.c.objc; path = AppDelegate.m; sourceTree = "<group>"; };
		4638E24F1B817BD10039EC94 /* ViewController.h */ = {isa = PBXFileReference; lastKnownFileType = sourcecode.c.h; path = ViewController.h; sourceTree = "<group>"; };
		4638E2501B817BD10039EC94 /* ViewController.m */ = {isa = PBXFileReference; lastKnownFileType = sourcecode.c.objc; path = ViewController.m; sourceTree = "<group>"; };
		4638E2531B817BD10039EC94 /* Base */ = {isa = PBXFileReference; lastKnownFileType = file.storyboard; name = Base; path = Base.lproj/Main.storyboard; sourceTree = "<group>"; };
		4638E2551B817BD10039EC94 /* Images.xcassets */ = {isa = PBXFileReference; lastKnownFileType = folder.assetcatalog; path = Images.xcassets; sourceTree = "<group>"; };
		4638E2581B817BD10039EC94 /* Base */ = {isa = PBXFileReference; lastKnownFileType = file.xib; name = Base; path = Base.lproj/LaunchScreen.xib; sourceTree = "<group>"; };
		4638E25E1B817BD10039EC94 /* AnimationShowTests.xctest */ = {isa = PBXFileReference; explicitFileType = wrapper.cfbundle; includeInIndex = 0; path = AnimationShowTests.xctest; sourceTree = BUILT_PRODUCTS_DIR; };
		4638E2631B817BD10039EC94 /* Info.plist */ = {isa = PBXFileReference; lastKnownFileType = text.plist.xml; path = Info.plist; sourceTree = "<group>"; };
		4638E2641B817BD10039EC94 /* AnimationShowTests.m */ = {isa = PBXFileReference; lastKnownFileType = sourcecode.c.objc; path = AnimationShowTests.m; sourceTree = "<group>"; };
/* End PBXFileReference section */

/* Begin PBXFrameworksBuildPhase section */
		4638E2421B817BD10039EC94 /* Frameworks */ = {
			isa = PBXFrameworksBuildPhase;
			buildActionMask = 2147483647;
			files = (
			);
			runOnlyForDeploymentPostprocessing = 0;
		};
		4638E25B1B817BD10039EC94 /* Frameworks */ = {
			isa = PBXFrameworksBuildPhase;
			buildActionMask = 2147483647;
			files = (
			);
			runOnlyForDeploymentPostprocessing = 0;
		};
/* End PBXFrameworksBuildPhase section */

/* Begin PBXGroup section */
		4638E23C1B817BD10039EC94 = {
			isa = PBXGroup;
			children = (
				4638E2471B817BD10039EC94 /* AnimationShow */,
				4638E2611B817BD10039EC94 /* AnimationShowTests */,
				4638E2461B817BD10039EC94 /* Products */,
			);
			sourceTree = "<group>";
		};
		4638E2461B817BD10039EC94 /* Products */ = {
			isa = PBXGroup;
			children = (
				4638E2451B817BD10039EC94 /* AnimationShow.app */,
				4638E25E1B817BD10039EC94 /* AnimationShowTests.xctest */,
			);
			name = Products;
			sourceTree = "<group>";
		};
		4638E2471B817BD10039EC94 /* AnimationShow */ = {
			isa = PBXGroup;
			children = (
				4638E24C1B817BD10039EC94 /* AppDelegate.h */,
				4638E24D1B817BD10039EC94 /* AppDelegate.m */,
				4638E24F1B817BD10039EC94 /* ViewController.h */,
				4638E2501B817BD10039EC94 /* ViewController.m */,
				4638E2521B817BD10039EC94 /* Main.storyboard */,
				4638E2551B817BD10039EC94 /* Images.xcassets */,
				4638E2571B817BD10039EC94 /* LaunchScreen.xib */,
				4638E2481B817BD10039EC94 /* Supporting Files */,
			);
			path = AnimationShow;
			sourceTree = "<group>";
		};
		4638E2481B817BD10039EC94 /* Supporting Files */ = {
			isa = PBXGroup;
			children = (
				4638E2491B817BD10039EC94 /* Info.plist */,
				4638E24A1B817BD10039EC94 /* main.m */,
			);
			name = "Supporting Files";
			sourceTree = "<group>";
		};
		4638E2611B817BD10039EC94 /* AnimationShowTests */ = {
			isa = PBXGroup;
			children = (
				4638E2641B817BD10039EC94 /* AnimationShowTests.m */,
				4638E2621B817BD10039EC94 /* Supporting Files */,
			);
			path = AnimationShowTests;
			sourceTree = "<group>";
		};
		4638E2621B817BD10039EC94 /* Supporting Files */ = {
			isa = PBXGroup;
			children = (
				4638E2631B817BD10039EC94 /* Info.plist */,
			);
			name = "Supporting Files";
			sourceTree = "<group>";
		};
/* End PBXGroup section */

/* Begin PBXNativeTarget section */
		4638E2441B817BD10039EC94 /* AnimationShow */ = {
			isa = PBXNativeTarget;
			buildConfigurationList = 4638E2681B817BD10039EC94 /* Build configuration list for PBXNativeTarget "AnimationShow" */;
			buildPhases = (
				4638E2411B817BD10039EC94 /* Sources */,
				4638E2421B817BD10039EC94 /* Frameworks */,
				4638E2431B817BD10039EC94 /* Resources */,
			);
			buildRules = (
			);
			dependencies = (
			);
			name = AnimationShow;
			productName = AnimationShow;
			productReference = 4638E2451B817BD10039EC94 /* AnimationShow.app */;
			productType = "com.apple.product-type.application";
		};
		4638E25D1B817BD10039EC94 /* AnimationShowTests */ = {
			isa = PBXNativeTarget;
			buildConfigurationList = 4638E26B1B817BD10039EC94 /* Build configuration list for PBXNativeTarget "AnimationShowTests" */;
			buildPhases = (
				4638E25A1B817BD10039EC94 /* Sources */,
				4638E25B1B817BD10039EC94 /* Frameworks */,
				4638E25C1B817BD10039EC94 /* Resources */,
			);
			buildRules = (
			);
			dependencies = (
				4638E2601B817BD10039EC94 /* PBXTargetDependency */,
			);
			name = AnimationShowTests;
			productName = AnimationShowTests;
			productReference = 4638E25E1B817BD10039EC94 /* AnimationShowTests.xctest */;
			productType = "com.apple.product-type.bundle.unit-test";
		};
/* End PBXNativeTarget section */

/* Begin PBXProject section */
		4638E23D1B817BD10039EC94 /* Project object */ = {
			isa = PBXProject;
			attributes = {
				LastUpgradeCheck = 0640;
				ORGANIZATIONNAME = zgpeace;
				TargetAttributes = {
					4638E2441B817BD10039EC94 = {
						CreatedOnToolsVersion = 6.4;
					};
					4638E25D1B817BD10039EC94 = {
						CreatedOnToolsVersion = 6.4;
						TestTargetID = 4638E2441B817BD10039EC94;
					};
				};
			};
			buildConfigurationList = 4638E2401B817BD10039EC94 /* Build configuration list for PBXProject "AnimationShow" */;
			compatibilityVersion = "Xcode 3.2";
			developmentRegion = English;
			hasScannedForEncodings = 0;
			knownRegions = (
				en,
				Base,
			);
			mainGroup = 4638E23C1B817BD10039EC94;
			productRefGroup = 4638E2461B817BD10039EC94 /* Products */;
			projectDirPath = "";
			projectRoot = "";
			targets = (
				4638E2441B817BD10039EC94 /* AnimationShow */,
				4638E25D1B817BD10039EC94 /* AnimationShowTests */,
			);
		};
/* End PBXProject section */

/* Begin PBXResourcesBuildPhase section */
		4638E2431B817BD10039EC94 /* Resources */ = {
			isa = PBXResourcesBuildPhase;
			buildActionMask = 2147483647;
			files = (
				4638E2541B817BD10039EC94 /* Main.storyboard in Resources */,
				4638E2591B817BD10039EC94 /* LaunchScreen.xib in Resources */,
				4638E2561B817BD10039EC94 /* Images.xcassets in Resources */,
			);
			runOnlyForDeploymentPostprocessing = 0;
		};
		4638E25C1B817BD10039EC94 /* Resources */ = {
			isa = PBXResourcesBuildPhase;
			buildActionMask = 2147483647;
			files = (
			);
			runOnlyForDeploymentPostprocessing = 0;
		};
/* End PBXResourcesBuildPhase section */

/* Begin PBXSourcesBuildPhase section */
		4638E2411B817BD10039EC94 /* Sources */ = {
			isa = PBXSourcesBuildPhase;
			buildActionMask = 2147483647;
			files = (
				4638E2511B817BD10039EC94 /* ViewController.m in Sources */,
				4638E24E1B817BD10039EC94 /* AppDelegate.m in Sources */,
				4638E24B1B817BD10039EC94 /* main.m in Sources */,
			);
			runOnlyForDeploymentPostprocessing = 0;
		};
		4638E25A1B817BD10039EC94 /* Sources */ = {
			isa = PBXSourcesBuildPhase;
			buildActionMask = 2147483647;
			files = (
				4638E2651B817BD10039EC94 /* AnimationShowTests.m in Sources */,
			);
			runOnlyForDeploymentPostprocessing = 0;
		};
/* End PBXSourcesBuildPhase section */

/* Begin PBXTargetDependency section */
		4638E2601B817BD10039EC94 /* PBXTargetDependency */ = {
			isa = PBXTargetDependency;
			target = 4638E2441B817BD10039EC94 /* AnimationShow */;
			targetProxy = 4638E25F1B817BD10039EC94 /* PBXContainerItemProxy */;
		};
/* End PBXTargetDependency section */

/* Begin PBXVariantGroup section */
		4638E2521B817BD10039EC94 /* Main.storyboard */ = {
			isa = PBXVariantGroup;
			children = (
				4638E2531B817BD10039EC94 /* Base */,
			);
			name = Main.storyboard;
			sourceTree = "<group>";
		};
		4638E2571B817BD10039EC94 /* LaunchScreen.xib */ = {
			isa = PBXVariantGroup;
			children = (
				4638E2581B817BD10039EC94 /* Base */,
			);
			name = LaunchScreen.xib;
			sourceTree = "<group>";
		};
/* End PBXVariantGroup section */

/* Begin XCBuildConfiguration section */
		4638E2661B817BD10039EC94 /* Debug */ = {
			isa = XCBuildConfiguration;
			buildSettings = {
				ALWAYS_SEARCH_USER_PATHS = NO;
				CLANG_CXX_LANGUAGE_STANDARD = "gnu++0x";
				CLANG_CXX_LIBRARY = "libc++";
				CLANG_ENABLE_MODULES = YES;
				CLANG_ENABLE_OBJC_ARC = YES;
				CLANG_WARN_BOOL_CONVERSION = YES;
				CLANG_WARN_CONSTANT_CONVERSION = YES;
				CLANG_WARN_DIRECT_OBJC_ISA_USAGE = YES_ERROR;
				CLANG_WARN_EMPTY_BODY = YES;
				CLANG_WARN_ENUM_CONVERSION = YES;
				CLANG_WARN_INT_CONVERSION = YES;
				CLANG_WARN_OBJC_ROOT_CLASS = YES_ERROR;
				CLANG_WARN_UNREACHABLE_CODE = YES;
				CLANG_WARN__DUPLICATE_METHOD_MATCH = YES;
				"CODE_SIGN_IDENTITY[sdk=iphoneos*]" = "iPhone Developer";
				COPY_PHASE_STRIP = NO;
				DEBUG_INFORMATION_FORMAT = "dwarf-with-dsym";
				ENABLE_STRICT_OBJC_MSGSEND = YES;
				GCC_C_LANGUAGE_STANDARD = gnu99;
				GCC_DYNAMIC_NO_PIC = NO;
				GCC_NO_COMMON_BLOCKS = YES;
				GCC_OPTIMIZATION_LEVEL = 0;
				GCC_PREPROCESSOR_DEFINITIONS = (
					"DEBUG=1",
					"$(inherited)",
				);
				GCC_SYMBOLS_PRIVATE_EXTERN = NO;
				GCC_WARN_64_TO_32_BIT_CONVERSION = YES;
				GCC_WARN_ABOUT_RETURN_TYPE = YES_ERROR;
				GCC_WARN_UNDECLARED_SELECTOR = YES;
				GCC_WARN_UNINITIALIZED_AUTOS = YES_AGGRESSIVE;
				GCC_WARN_UNUSED_FUNCTION = YES;
				GCC_WARN_UNUSED_VARIABLE = YES;
				IPHONEOS_DEPLOYMENT_TARGET = 8.4;
				MTL_ENABLE_DEBUG_INFO = YES;
				ONLY_ACTIVE_ARCH = YES;
				SDKROOT = iphoneos;
			};
			name = Debug;
		};
		4638E2671B817BD10039EC94 /* Release */ = {
			isa = XCBuildConfiguration;
			buildSettings = {
				ALWAYS_SEARCH_USER_PATHS = NO;
				CLANG_CXX_LANGUAGE_STANDARD = "gnu++0x";
				CLANG_CXX_LIBRARY = "libc++";
				CLANG_ENABLE_MODULES = YES;
				CLANG_ENABLE_OBJC_ARC = YES;
				CLANG_WARN_BOOL_CONVERSION = YES;
				CLANG_WARN_CONSTANT_CONVERSION = YES;
				CLANG_WARN_DIRECT_OBJC_ISA_USAGE = YES_ERROR;
				CLANG_WARN_EMPTY_BODY = YES;
				CLANG_WARN_ENUM_CONVERSION = YES;
				CLANG_WARN_INT_CONVERSION = YES;
				CLANG_WARN_OBJC_ROOT_CLASS = YES_ERROR;
				CLANG_WARN_UNREACHABLE_CODE = YES;
				CLANG_WARN__DUPLICATE_METHOD_MATCH = YES;
				"CODE_SIGN_IDENTITY[sdk=iphoneos*]" = "iPhone Developer";
				COPY_PHASE_STRIP = NO;
				DEBUG_INFORMATION_FORMAT = "dwarf-with-dsym";
				ENABLE_NS_ASSERTIONS = NO;
				ENABLE_STRICT_OBJC_MSGSEND = YES;
				GCC_C_LANGUAGE_STANDARD = gnu99;
				GCC_NO_COMMON_BLOCKS = YES;
				GCC_WARN_64_TO_32_BIT_CONVERSION = YES;
				GCC_WARN_ABOUT_RETURN_TYPE = YES_ERROR;
				GCC_WARN_UNDECLARED_SELECTOR = YES;
				GCC_WARN_UNINITIALIZED_AUTOS = YES_AGGRESSIVE;
				GCC_WARN_UNUSED_FUNCTION = YES;
				GCC_WARN_UNUSED_VARIABLE = YES;
				IPHONEOS_DEPLOYMENT_TARGET = 8.4;
				MTL_ENABLE_DEBUG_INFO = NO;
				SDKROOT = iphoneos;
				VALIDATE_PRODUCT = YES;
			};
			name = Release;
		};
		4638E2691B817BD10039EC94 /* Debug */ = {
			isa = XCBuildConfiguration;
			buildSettings = {
				ASSETCATALOG_COMPILER_APPICON_NAME = AppIcon;
				INFOPLIST_FILE = AnimationShow/Info.plist;
				LD_RUNPATH_SEARCH_PATHS = "$(inherited) @executable_path/Frameworks";
				PRODUCT_NAME = "$(TARGET_NAME)";
			};
			name = Debug;
		};
		4638E26A1B817BD10039EC94 /* Release */ = {
			isa = XCBuildConfiguration;
			buildSettings = {
				ASSETCATALOG_COMPILER_APPICON_NAME = AppIcon;
				INFOPLIST_FILE = AnimationShow/Info.plist;
				LD_RUNPATH_SEARCH_PATHS = "$(inherited) @executable_path/Frameworks";
				PRODUCT_NAME = "$(TARGET_NAME)";
			};
			name = Release;
		};
		4638E26C1B817BD10039EC94 /* Debug */ = {
			isa = XCBuildConfiguration;
			buildSettings = {
				BUNDLE_LOADER = "$(TEST_HOST)";
				FRAMEWORK_SEARCH_PATHS = (
					"$(SDKROOT)/Developer/Library/Frameworks",
					"$(inherited)",
				);
				GCC_PREPROCESSOR_DEFINITIONS = (
					"DEBUG=1",
					"$(inherited)",
				);
				INFOPLIST_FILE = AnimationShowTests/Info.plist;
				LD_RUNPATH_SEARCH_PATHS = "$(inherited) @executable_path/Frameworks @loader_path/Frameworks";
				PRODUCT_NAME = "$(TARGET_NAME)";
				TEST_HOST = "$(BUILT_PRODUCTS_DIR)/AnimationShow.app/AnimationShow";
			};
			name = Debug;
		};
		4638E26D1B817BD10039EC94 /* Release */ = {
			isa = XCBuildConfiguration;
			buildSettings = {
				BUNDLE_LOADER = "$(TEST_HOST)";
				FRAMEWORK_SEARCH_PATHS = (
					"$(SDKROOT)/Developer/Library/Frameworks",
					"$(inherited)",
				);
				INFOPLIST_FILE = AnimationShowTests/Info.plist;
				LD_RUNPATH_SEARCH_PATHS = "$(inherited) @executable_path/Frameworks @loader_path/Frameworks";
				PRODUCT_NAME = "$(TARGET_NAME)";
				TEST_HOST = "$(BUILT_PRODUCTS_DIR)/AnimationShow.app/AnimationShow";
			};
			name = Release;
		};
/* End XCBuildConfiguration section */

/* Begin XCConfigurationList section */
		4638E2401B817BD10039EC94 /* Build configuration list for PBXProject "AnimationShow" */ = {
			isa = XCConfigurationList;
			buildConfigurations = (
				4638E2661B817BD10039EC94 /* Debug */,
				4638E2671B817BD10039EC94 /* Release */,
			);
			defaultConfigurationIsVisible = 0;
			defaultConfigurationName = Release;
		};
		4638E2681B817BD10039EC94 /* Build configuration list for PBXNativeTarget "AnimationShow" */ = {
			isa = XCConfigurationList;
			buildConfigurations = (
				4638E2691B817BD10039EC94 /* Debug */,
				4638E26A1B817BD10039EC94 /* Release */,
			);
			defaultConfigurationIsVisible = 0;
		};
		4638E26B1B817BD10039EC94 /* Build configuration list for PBXNativeTarget "AnimationShowTests" */ = {
			isa = XCConfigurationList;
			buildConfigurations = (
				4638E26C1B817BD10039EC94 /* Debug */,
				4638E26D1B817BD10039EC94 /* Release */,
			);
			defaultConfigurationIsVisible = 0;
		};
/* End XCConfigurationList section */
	};
	rootObject = 4638E23D1B817BD10039EC94 /* Project object */;
}
